
Microsoft Visual Studio Solution File, Format Version 12.00
# Visual Studio Version 17
VisualStudioVersion = 17.3.32819.101
MinimumVisualStudioVersion = 10.0.40219.1
Project("{9A19103F-16F7-4668-BE54-9A1E7A4F7556}") = "SOLID.LiskovSubstitutionPrinciple", "SOLID.LiskovSubstitutionPrinciple\SOLID.LiskovSubstitutionPrinciple.csproj", "{2C1B9B59-D3F5-44BE-BCFC-FF7452B16DD7}"
EndProject
Global
	GlobalSection(SolutionConfigurationPlatforms) = preSolution
		Debug|Any CPU = Debug|Any CPU
		Release|Any CPU = Release|Any CPU
	EndGlobalSection
	GlobalSection(ProjectConfigurationPlatforms) = postSolution
		{2C1B9B59-D3F5-44BE-BCFC-FF7452B16DD7}.Debug|Any CPU.ActiveCfg = Debug|Any CPU
		{2C1B9B59-D3F5-44BE-BCFC-FF7452B16DD7}.Debug|Any CPU.Build.0 = Debug|Any CPU
		{2C1B9B59-D3F5-44BE-BCFC-FF7452B16DD7}.Release|Any CPU.ActiveCfg = Release|Any CPU
		{2C1B9B59-D3F5-44BE-BCFC-FF7452B16DD7}.Release|Any CPU.Build.0 = Release|Any CPU
	EndGlobalSection
	GlobalSection(SolutionProperties) = preSolution
		HideSolutionNode = FALSE
	EndGlobalSection
	GlobalSection(ExtensibilityGlobals) = postSolution
		SolutionGuid = {1B8E81D7-D792-4490-95A6-71B09BE2B898}
	EndGlobalSection
EndGlobal
